
Microsoft Visual Studio Solution File, Format Version 12.00
# Visual Studio Version 16
VisualStudioVersion = 16.0.33130.400
MinimumVisualStudioVersion = 10.0.40219.1
Project("{9A19103F-16F7-4668-BE54-9A1E7A4F7556}") = "Estacionamento.Modelos", "Estacionamento.Modelos\Estacionamento.Modelos.csproj", "{C73CDF24-4805-49D5-90FC-8DCFA024A755}"
EndProject
Project("{FAE04EC0-301F-11D3-BF4B-00C04F79EFBC}") = "Estacionamento.Tests", "Estacionamento.Tests\Estacionamento.Tests.csproj", "{1610B8FE-B25E-4553-AEA6-54D29D623807}"
EndProject
Global
	GlobalSection(SolutionConfigurationPlatforms) = preSolution
		Debug|Any CPU = Debug|Any CPU
		Release|Any CPU = Release|Any CPU
	EndGlobalSection
	GlobalSection(ProjectConfigurationPlatforms) = postSolution
		{C73CDF24-4805-49D5-90FC-8DCFA024A755}.Debug|Any CPU.ActiveCfg = Debug|Any CPU
		{C73CDF24-4805-49D5-90FC-8DCFA024A755}.Debug|Any CPU.Build.0 = Debug|Any CPU
		{C73CDF24-4805-49D5-90FC-8DCFA024A755}.Release|Any CPU.ActiveCfg = Release|Any CPU
		{C73CDF24-4805-49D5-90FC-8DCFA024A755}.Release|Any CPU.Build.0 = Release|Any CPU
		{1610B8FE-B25E-4553-AEA6-54D29D623807}.Debug|Any CPU.ActiveCfg = Debug|Any CPU
		{1610B8FE-B25E-4553-AEA6-54D29D623807}.Debug|Any CPU.Build.0 = Debug|Any CPU
		{1610B8FE-B25E-4553-AEA6-54D29D623807}.Release|Any CPU.ActiveCfg = Release|Any CPU
		{1610B8FE-B25E-4553-AEA6-54D29D623807}.Release|Any CPU.Build.0 = Release|Any CPU
	EndGlobalSection
	GlobalSection(SolutionProperties) = preSolution
		HideSolutionNode = FALSE
	EndGlobalSection
	GlobalSection(ExtensibilityGlobals) = postSolution
		SolutionGuid = {369F290A-CB4D-49FC-8C89-ED834127E8C5}
	EndGlobalSection
EndGlobal
